
Microsoft Visual Studio Solution File, Format Version 12.00
# Visual Studio 15
VisualStudioVersion = 15.0.27130.2010
MinimumVisualStudioVersion = 10.0.40219.1
Project("{FAE04EC0-301F-11D3-BF4B-00C04F79EFBC}") = "TestApp.Android", "TestApp\TestApp.Android\TestApp.Android.csproj", "{3FE14E92-2E2B-462C-A8C1-56702A7D59A5}"
EndProject
Project("{FAE04EC0-301F-11D3-BF4B-00C04F79EFBC}") = "TestApp.iOS", "TestApp\TestApp.iOS\TestApp.iOS.csproj", "{562B5519-D26E-4F8E-A156-F9088BCF4CE4}"
EndProject
Project("{FAE04EC0-301F-11D3-BF4B-00C04F79EFBC}") = "TestApp.UWP", "TestApp\TestApp.UWP\TestApp.UWP.csproj", "{0BED40AB-F66E-4408-BB58-CBF3F6E4146A}"
EndProject
Project("{D954291E-2A0B-460D-934E-DC6B0785DB48}") = "TestApp", "TestApp\TestApp\TestApp.shproj", "{2EC8E21C-F83A-4291-AB75-6B67C96F9DE3}"
EndProject
Global
	GlobalSection(SharedMSBuildProjectFiles) = preSolution
		TestApp\TestApp\TestApp.projitems*{0bed40ab-f66e-4408-bb58-cbf3f6e4146a}*SharedItemsImports = 4
		TestApp\TestApp\TestApp.projitems*{2ec8e21c-f83a-4291-ab75-6b67c96f9de3}*SharedItemsImports = 13
		TestApp\TestApp\TestApp.projitems*{3fe14e92-2e2b-462c-a8c1-56702a7d59a5}*SharedItemsImports = 4
		TestApp\TestApp\TestApp.projitems*{562b5519-d26e-4f8e-a156-f9088bcf4ce4}*SharedItemsImports = 4
	EndGlobalSection
	GlobalSection(SolutionConfigurationPlatforms) = preSolution
		Ad-Hoc|Any CPU = Ad-Hoc|Any CPU
		Ad-Hoc|ARM = Ad-Hoc|ARM
		Ad-Hoc|iPhone = Ad-Hoc|iPhone
		Ad-Hoc|iPhoneSimulator = Ad-Hoc|iPhoneSimulator
		Ad-Hoc|x64 = Ad-Hoc|x64
		Ad-Hoc|x86 = Ad-Hoc|x86
		AppStore|Any CPU = AppStore|Any CPU
		AppStore|ARM = AppStore|ARM
		AppStore|iPhone = AppStore|iPhone
		AppStore|iPhoneSimulator = AppStore|iPhoneSimulator
		AppStore|x64 = AppStore|x64
		AppStore|x86 = AppStore|x86
		Debug|Any CPU = Debug|Any CPU
		Debug|ARM = Debug|ARM
		Debug|iPhone = Debug|iPhone
		Debug|iPhoneSimulator = Debug|iPhoneSimulator
		Debug|x64 = Debug|x64
		Debug|x86 = Debug|x86
		Release|Any CPU = Release|Any CPU
		Release|ARM = Release|ARM
		Release|iPhone = Release|iPhone
		Release|iPhoneSimulator = Release|iPhoneSimulator
		Release|x64 = Release|x64
		Release|x86 = Release|x86
	EndGlobalSection
	GlobalSection(ProjectConfigurationPlatforms) = postSolution
		{3FE14E92-2E2B-462C-A8C1-56702A7D59A5}.Ad-Hoc|Any CPU.ActiveCfg = Release|Any CPU
		{3FE14E92-2E2B-462C-A8C1-56702A7D59A5}.Ad-Hoc|Any CPU.Build.0 = Release|Any CPU
		{3FE14E92-2E2B-462C-A8C1-56702A7D59A5}.Ad-Hoc|Any CPU.Deploy.0 = Release|Any CPU
		{3FE14E92-2E2B-462C-A8C1-56702A7D59A5}.Ad-Hoc|ARM.ActiveCfg = Release|Any CPU
		{3FE14E92-2E2B-462C-A8C1-56702A7D59A5}.Ad-Hoc|ARM.Build.0 = Release|Any CPU
		{3FE14E92-2E2B-462C-A8C1-56702A7D59A5}.Ad-Hoc|ARM.Deploy.0 = Release|Any CPU
		{3FE14E92-2E2B-462C-A8C1-56702A7D59A5}.Ad-Hoc|iPhone.ActiveCfg = Release|Any CPU
		{3FE14E92-2E2B-462C-A8C1-56702A7D59A5}.Ad-Hoc|iPhone.Build.0 = Release|Any CPU
		{3FE14E92-2E2B-462C-A8C1-56702A7D59A5}.Ad-Hoc|iPhone.Deploy.0 = Release|Any CPU
		{3FE14E92-2E2B-462C-A8C1-56702A7D59A5}.Ad-Hoc|iPhoneSimulator.ActiveCfg = Release|Any CPU
		{3FE14E92-2E2B-462C-A8C1-56702A7D59A5}.Ad-Hoc|iPhoneSimulator.Build.0 = Release|Any CPU
		{3FE14E92-2E2B-462C-A8C1-56702A7D59A5}.Ad-Hoc|iPhoneSimulator.Deploy.0 = Release|Any CPU
		{3FE14E92-2E2B-462C-A8C1-56702A7D59A5}.Ad-Hoc|x64.ActiveCfg = Release|Any CPU
		{3FE14E92-2E2B-462C-A8C1-56702A7D59A5}.Ad-Hoc|x64.Build.0 = Release|Any CPU
		{3FE14E92-2E2B-462C-A8C1-56702A7D59A5}.Ad-Hoc|x64.Deploy.0 = Release|Any CPU
		{3FE14E92-2E2B-462C-A8C1-56702A7D59A5}.Ad-Hoc|x86.ActiveCfg = Release|Any CPU
		{3FE14E92-2E2B-462C-A8C1-56702A7D59A5}.Ad-Hoc|x86.Build.0 = Release|Any CPU
		{3FE14E92-2E2B-462C-A8C1-56702A7D59A5}.Ad-Hoc|x86.Deploy.0 = Release|Any CPU
		{3FE14E92-2E2B-462C-A8C1-56702A7D59A5}.AppStore|Any CPU.ActiveCfg = Release|Any CPU
		{3FE14E92-2E2B-462C-A8C1-56702A7D59A5}.AppStore|Any CPU.Build.0 = Release|Any CPU
		{3FE14E92-2E2B-462C-A8C1-56702A7D59A5}.AppStore|Any CPU.Deploy.0 = Release|Any CPU
		{3FE14E92-2E2B-462C-A8C1-56702A7D59A5}.AppStore|ARM.ActiveCfg = Release|Any CPU
		{3FE14E92-2E2B-462C-A8C1-56702A7D59A5}.AppStore|ARM.Build.0 = Release|Any CPU
		{3FE14E92-2E2B-462C-A8C1-56702A7D59A5}.AppStore|ARM.Deploy.0 = Release|Any CPU
		{3FE14E92-2E2B-462C-A8C1-56702A7D59A5}.AppStore|iPhone.ActiveCfg = Release|Any CPU
		{3FE14E92-2E2B-462C-A8C1-56702A7D59A5}.AppStore|iPhone.Build.0 = Release|Any CPU
		{3FE14E92-2E2B-462C-A8C1-56702A7D59A5}.AppStore|iPhone.Deploy.0 = Release|Any CPU
		{3FE14E92-2E2B-462C-A8C1-56702A7D59A5}.AppStore|iPhoneSimulator.ActiveCfg = Release|Any CPU
		{3FE14E92-2E2B-462C-A8C1-56702A7D59A5}.AppStore|iPhoneSimulator.Build.0 = Release|Any CPU
		{3FE14E92-2E2B-462C-A8C1-56702A7D59A5}.AppStore|iPhoneSimulator.Deploy.0 = Release|Any CPU
		{3FE14E92-2E2B-462C-A8C1-56702A7D59A5}.AppStore|x64.ActiveCfg = Release|Any CPU
		{3FE14E92-2E2B-462C-A8C1-56702A7D59A5}.AppStore|x64.Build.0 = Release|Any CPU
		{3FE14E92-2E2B-462C-A8C1-56702A7D59A5}.AppStore|x64.Deploy.0 = Release|Any CPU
		{3FE14E92-2E2B-462C-A8C1-56702A7D59A5}.AppStore|x86.ActiveCfg = Release|Any CPU
		{3FE14E92-2E2B-462C-A8C1-56702A7D59A5}.AppStore|x86.Build.0 = Release|Any CPU
		{3FE14E92-2E2B-462C-A8C1-56702A7D59A5}.AppStore|x86.Deploy.0 = Release|Any CPU
		{3FE14E92-2E2B-462C-A8C1-56702A7D59A5}.Debug|Any CPU.ActiveCfg = Debug|Any CPU
		{3FE14E92-2E2B-462C-A8C1-56702A7D59A5}.Debug|Any CPU.Build.0 = Debug|Any CPU
		{3FE14E92-2E2B-462C-A8C1-56702A7D59A5}.Debug|Any CPU.Deploy.0 = Debug|Any CPU
		{3FE14E92-2E2B-462C-A8C1-56702A7D59A5}.Debug|ARM.ActiveCfg = Debug|Any CPU
		{3FE14E92-2E2B-462C-A8C1-56702A7D59A5}.Debug|ARM.Build.0 = Debug|Any CPU
		{3FE14E92-2E2B-462C-A8C1-56702A7D59A5}.Debug|ARM.Deploy.0 = Debug|Any CPU
		{3FE14E92-2E2B-462C-A8C1-56702A7D59A5}.Debug|iPhone.ActiveCfg = Debug|Any CPU
		{3FE14E92-2E2B-462C-A8C1-56702A7D59A5}.Debug|iPhone.Build.0 = Debug|Any CPU
		{3FE14E92-2E2B-462C-A8C1-56702A7D59A5}.Debug|iPhone.Deploy.0 = Debug|Any CPU
		{3FE14E92-2E2B-462C-A8C1-56702A7D59A5}.Debug|iPhoneSimulator.ActiveCfg = Debug|Any CPU
		{3FE14E92-2E2B-462C-A8C1-56702A7D59A5}.Debug|iPhoneSimulator.Build.0 = Debug|Any CPU
		{3FE14E92-2E2B-462C-A8C1-56702A7D59A5}.Debug|iPhoneSimulator.Deploy.0 = Debug|Any CPU
		{3FE14E92-2E2B-462C-A8C1-56702A7D59A5}.Debug|x64.ActiveCfg = Debug|Any CPU
		{3FE14E92-2E2B-462C-A8C1-56702A7D59A5}.Debug|x64.Build.0 = Debug|Any CPU
		{3FE14E92-2E2B-462C-A8C1-56702A7D59A5}.Debug|x64.Deploy.0 = Debug|Any CPU
		{3FE14E92-2E2B-462C-A8C1-56702A7D59A5}.Debug|x86.ActiveCfg = Debug|Any CPU
		{3FE14E92-2E2B-462C-A8C1-56702A7D59A5}.Debug|x86.Build.0 = Debug|Any CPU
		{3FE14E92-2E2B-462C-A8C1-56702A7D59A5}.Debug|x86.Deploy.0 = Debug|Any CPU
		{3FE14E92-2E2B-462C-A8C1-56702A7D59A5}.Release|Any CPU.ActiveCfg = Release|Any CPU
		{3FE14E92-2E2B-462C-A8C1-56702A7D59A5}.Release|Any CPU.Build.0 = Release|Any CPU
		{3FE14E92-2E2B-462C-A8C1-56702A7D59A5}.Release|Any CPU.Deploy.0 = Release|Any CPU
		{3FE14E92-2E2B-462C-A8C1-56702A7D59A5}.Release|ARM.ActiveCfg = Release|Any CPU
		{3FE14E92-2E2B-462C-A8C1-56702A7D59A5}.Release|ARM.Build.0 = Release|Any CPU
		{3FE14E92-2E2B-462C-A8C1-56702A7D59A5}.Release|ARM.Deploy.0 = Release|Any CPU
		{3FE14E92-2E2B-462C-A8C1-56702A7D59A5}.Release|iPhone.ActiveCfg = Release|Any CPU
		{3FE14E92-2E2B-462C-A8C1-56702A7D59A5}.Release|iPhone.Build.0 = Release|Any CPU
		{3FE14E92-2E2B-462C-A8C1-56702A7D59A5}.Release|iPhone.Deploy.0 = Release|Any CPU
		{3FE14E92-2E2B-462C-A8C1-56702A7D59A5}.Release|iPhoneSimulator.ActiveCfg = Release|Any CPU
		{3FE14E92-2E2B-462C-A8C1-56702A7D59A5}.Release|iPhoneSimulator.Build.0 = Release|Any CPU
		{3FE14E92-2E2B-462C-A8C1-56702A7D59A5}.Release|iPhoneSimulator.Deploy.0 = Release|Any CPU
		{3FE14E92-2E2B-462C-A8C1-56702A7D59A5}.Release|x64.ActiveCfg = Release|Any CPU
		{3FE14E92-2E2B-462C-A8C1-56702A7D59A5}.Release|x64.Build.0 = Release|Any CPU
		{3FE14E92-2E2B-462C-A8C1-56702A7D59A5}.Release|x64.Deploy.0 = Release|Any CPU
		{3FE14E92-2E2B-462C-A8C1-56702A7D59A5}.Release|x86.ActiveCfg = Release|Any CPU
		{3FE14E92-2E2B-462C-A8C1-56702A7D59A5}.Release|x86.Build.0 = Release|Any CPU
		{3FE14E92-2E2B-462C-A8C1-56702A7D59A5}.Release|x86.Deploy.0 = Release|Any CPU
		{562B5519-D26E-4F8E-A156-F9088BCF4CE4}.Ad-Hoc|Any CPU.ActiveCfg = Ad-Hoc|iPhone
		{562B5519-D26E-4F8E-A156-F9088BCF4CE4}.Ad-Hoc|ARM.ActiveCfg = Ad-Hoc|iPhone
		{562B5519-D26E-4F8E-A156-F9088BCF4CE4}.Ad-Hoc|iPhone.ActiveCfg = Ad-Hoc|iPhone
		{562B5519-D26E-4F8E-A156-F9088BCF4CE4}.Ad-Hoc|iPhone.Build.0 = Ad-Hoc|iPhone
		{562B5519-D26E-4F8E-A156-F9088BCF4CE4}.Ad-Hoc|iPhoneSimulator.ActiveCfg = Ad-Hoc|iPhoneSimulator
		{562B5519-D26E-4F8E-A156-F9088BCF4CE4}.Ad-Hoc|iPhoneSimulator.Build.0 = Ad-Hoc|iPhoneSimulator
		{562B5519-D26E-4F8E-A156-F9088BCF4CE4}.Ad-Hoc|x64.ActiveCfg = Ad-Hoc|iPhone
		{562B5519-D26E-4F8E-A156-F9088BCF4CE4}.Ad-Hoc|x86.ActiveCfg = Ad-Hoc|iPhone
		{562B5519-D26E-4F8E-A156-F9088BCF4CE4}.AppStore|Any CPU.ActiveCfg = AppStore|iPhone
		{562B5519-D26E-4F8E-A156-F9088BCF4CE4}.AppStore|ARM.ActiveCfg = AppStore|iPhone
		{562B5519-D26E-4F8E-A156-F9088BCF4CE4}.AppStore|iPhone.ActiveCfg = AppStore|iPhone
		{562B5519-D26E-4F8E-A156-F9088BCF4CE4}.AppStore|iPhone.Build.0 = AppStore|iPhone
		{562B5519-D26E-4F8E-A156-F9088BCF4CE4}.AppStore|iPhoneSimulator.ActiveCfg = AppStore|iPhoneSimulator
		{562B5519-D26E-4F8E-A156-F9088BCF4CE4}.AppStore|iPhoneSimulator.Build.0 = AppStore|iPhoneSimulator
		{562B5519-D26E-4F8E-A156-F9088BCF4CE4}.AppStore|x64.ActiveCfg = AppStore|iPhone
		{562B5519-D26E-4F8E-A156-F9088BCF4CE4}.AppStore|x86.ActiveCfg = AppStore|iPhone
		{562B5519-D26E-4F8E-A156-F9088BCF4CE4}.Debug|Any CPU.ActiveCfg = Debug|iPhone
		{562B5519-D26E-4F8E-A156-F9088BCF4CE4}.Debug|ARM.ActiveCfg = Debug|iPhone
		{562B5519-D26E-4F8E-A156-F9088BCF4CE4}.Debug|iPhone.ActiveCfg = Debug|iPhoneSimulator
		{562B5519-D26E-4F8E-A156-F9088BCF4CE4}.Debug|iPhone.Build.0 = Debug|iPhoneSimulator
		{562B5519-D26E-4F8E-A156-F9088BCF4CE4}.Debug|iPhoneSimulator.ActiveCfg = Debug|iPhoneSimulator
		{562B5519-D26E-4F8E-A156-F9088BCF4CE4}.Debug|iPhoneSimulator.Build.0 = Debug|iPhoneSimulator
		{562B5519-D26E-4F8E-A156-F9088BCF4CE4}.Debug|x64.ActiveCfg = Debug|iPhone
		{562B5519-D26E-4F8E-A156-F9088BCF4CE4}.Debug|x86.ActiveCfg = Debug|iPhone
		{562B5519-D26E-4F8E-A156-F9088BCF4CE4}.Release|Any CPU.ActiveCfg = Release|iPhone
		{562B5519-D26E-4F8E-A156-F9088BCF4CE4}.Release|ARM.ActiveCfg = Release|iPhone
		{562B5519-D26E-4F8E-A156-F9088BCF4CE4}.Release|iPhone.ActiveCfg = Release|iPhone
		{562B5519-D26E-4F8E-A156-F9088BCF4CE4}.Release|iPhone.Build.0 = Release|iPhone
		{562B5519-D26E-4F8E-A156-F9088BCF4CE4}.Release|iPhoneSimulator.ActiveCfg = Release|iPhoneSimulator
		{562B5519-D26E-4F8E-A156-F9088BCF4CE4}.Release|iPhoneSimulator.Build.0 = Release|iPhoneSimulator
		{562B5519-D26E-4F8E-A156-F9088BCF4CE4}.Release|x64.ActiveCfg = Release|iPhone
		{562B5519-D26E-4F8E-A156-F9088BCF4CE4}.Release|x86.ActiveCfg = Release|iPhone
		{0BED40AB-F66E-4408-BB58-CBF3F6E4146A}.Ad-Hoc|Any CPU.ActiveCfg = Release|x86
		{0BED40AB-F66E-4408-BB58-CBF3F6E4146A}.Ad-Hoc|Any CPU.Build.0 = Release|x86
		{0BED40AB-F66E-4408-BB58-CBF3F6E4146A}.Ad-Hoc|Any CPU.Deploy.0 = Release|x86
		{0BED40AB-F66E-4408-BB58-CBF3F6E4146A}.Ad-Hoc|ARM.ActiveCfg = Release|ARM
		{0BED40AB-F66E-4408-BB58-CBF3F6E4146A}.Ad-Hoc|ARM.Build.0 = Release|ARM
		{0BED40AB-F66E-4408-BB58-CBF3F6E4146A}.Ad-Hoc|ARM.Deploy.0 = Release|ARM
		{0BED40AB-F66E-4408-BB58-CBF3F6E4146A}.Ad-Hoc|iPhone.ActiveCfg = Release|x86
		{0BED40AB-F66E-4408-BB58-CBF3F6E4146A}.Ad-Hoc|iPhone.Build.0 = Release|x86
		{0BED40AB-F66E-4408-BB58-CBF3F6E4146A}.Ad-Hoc|iPhone.Deploy.0 = Release|x86
		{0BED40AB-F66E-4408-BB58-CBF3F6E4146A}.Ad-Hoc|iPhoneSimulator.ActiveCfg = Release|x86
		{0BED40AB-F66E-4408-BB58-CBF3F6E4146A}.Ad-Hoc|iPhoneSimulator.Build.0 = Release|x86
		{0BED40AB-F66E-4408-BB58-CBF3F6E4146A}.Ad-Hoc|iPhoneSimulator.Deploy.0 = Release|x86
		{0BED40AB-F66E-4408-BB58-CBF3F6E4146A}.Ad-Hoc|x64.ActiveCfg = Release|x64
		{0BED40AB-F66E-4408-BB58-CBF3F6E4146A}.Ad-Hoc|x64.Build.0 = Release|x64
		{0BED40AB-F66E-4408-BB58-CBF3F6E4146A}.Ad-Hoc|x64.Deploy.0 = Release|x64
		{0BED40AB-F66E-4408-BB58-CBF3F6E4146A}.Ad-Hoc|x86.ActiveCfg = Release|x86
		{0BED40AB-F66E-4408-BB58-CBF3F6E4146A}.Ad-Hoc|x86.Build.0 = Release|x86
		{0BED40AB-F66E-4408-BB58-CBF3F6E4146A}.Ad-Hoc|x86.Deploy.0 = Release|x86
		{0BED40AB-F66E-4408-BB58-CBF3F6E4146A}.AppStore|Any CPU.ActiveCfg = Release|x86
		{0BED40AB-F66E-4408-BB58-CBF3F6E4146A}.AppStore|Any CPU.Build.0 = Release|x86
		{0BED40AB-F66E-4408-BB58-CBF3F6E4146A}.AppStore|Any CPU.Deploy.0 = Release|x86
		{0BED40AB-F66E-4408-BB58-CBF3F6E4146A}.AppStore|ARM.ActiveCfg = Release|ARM
		{0BED40AB-F66E-4408-BB58-CBF3F6E4146A}.AppStore|ARM.Build.0 = Release|ARM
		{0BED40AB-F66E-4408-BB58-CBF3F6E4146A}.AppStore|ARM.Deploy.0 = Release|ARM
		{0BED40AB-F66E-4408-BB58-CBF3F6E4146A}.AppStore|iPhone.ActiveCfg = Release|x86
		{0BED40AB-F66E-4408-BB58-CBF3F6E4146A}.AppStore|iPhone.Build.0 = Release|x86
		{0BED40AB-F66E-4408-BB58-CBF3F6E4146A}.AppStore|iPhone.Deploy.0 = Release|x86
		{0BED40AB-F66E-4408-BB58-CBF3F6E4146A}.AppStore|iPhoneSimulator.ActiveCfg = Release|x86
		{0BED40AB-F66E-4408-BB58-CBF3F6E4146A}.AppStore|iPhoneSimulator.Build.0 = Release|x86
		{0BED40AB-F66E-4408-BB58-CBF3F6E4146A}.AppStore|iPhoneSimulator.Deploy.0 = Release|x86
		{0BED40AB-F66E-4408-BB58-CBF3F6E4146A}.AppStore|x64.ActiveCfg = Release|x64
		{0BED40AB-F66E-4408-BB58-CBF3F6E4146A}.AppStore|x64.Build.0 = Release|x64
		{0BED40AB-F66E-4408-BB58-CBF3F6E4146A}.AppStore|x64.Deploy.0 = Release|x64
		{0BED40AB-F66E-4408-BB58-CBF3F6E4146A}.AppStore|x86.ActiveCfg = Release|x86
		{0BED40AB-F66E-4408-BB58-CBF3F6E4146A}.AppStore|x86.Build.0 = Release|x86
		{0BED40AB-F66E-4408-BB58-CBF3F6E4146A}.AppStore|x86.Deploy.0 = Release|x86
		{0BED40AB-F66E-4408-BB58-CBF3F6E4146A}.Debug|Any CPU.ActiveCfg = Debug|x86
		{0BED40AB-F66E-4408-BB58-CBF3F6E4146A}.Debug|ARM.ActiveCfg = Debug|ARM
		{0BED40AB-F66E-4408-BB58-CBF3F6E4146A}.Debug|ARM.Build.0 = Debug|ARM
		{0BED40AB-F66E-4408-BB58-CBF3F6E4146A}.Debug|ARM.Deploy.0 = Debug|ARM
		{0BED40AB-F66E-4408-BB58-CBF3F6E4146A}.Debug|iPhone.ActiveCfg = Debug|x86
		{0BED40AB-F66E-4408-BB58-CBF3F6E4146A}.Debug|iPhoneSimulator.ActiveCfg = Debug|x86
		{0BED40AB-F66E-4408-BB58-CBF3F6E4146A}.Debug|x64.ActiveCfg = Debug|x64
		{0BED40AB-F66E-4408-BB58-CBF3F6E4146A}.Debug|x64.Build.0 = Debug|x64
		{0BED40AB-F66E-4408-BB58-CBF3F6E4146A}.Debug|x64.Deploy.0 = Debug|x64
		{0BED40AB-F66E-4408-BB58-CBF3F6E4146A}.Debug|x86.ActiveCfg = Debug|x86
		{0BED40AB-F66E-4408-BB58-CBF3F6E4146A}.Debug|x86.Build.0 = Debug|x86
		{0BED40AB-F66E-4408-BB58-CBF3F6E4146A}.Debug|x86.Deploy.0 = Debug|x86
		{0BED40AB-F66E-4408-BB58-CBF3F6E4146A}.Release|Any CPU.ActiveCfg = Release|x86
		{0BED40AB-F66E-4408-BB58-CBF3F6E4146A}.Release|ARM.ActiveCfg = Release|ARM
		{0BED40AB-F66E-4408-BB58-CBF3F6E4146A}.Release|ARM.Build.0 = Release|ARM
		{0BED40AB-F66E-4408-BB58-CBF3F6E4146A}.Release|ARM.Deploy.0 = Release|ARM
		{0BED40AB-F66E-4408-BB58-CBF3F6E4146A}.Release|iPhone.ActiveCfg = Release|x86
		{0BED40AB-F66E-4408-BB58-CBF3F6E4146A}.Release|iPhoneSimulator.ActiveCfg = Release|x86
		{0BED40AB-F66E-4408-BB58-CBF3F6E4146A}.Release|x64.ActiveCfg = Release|x64
		{0BED40AB-F66E-4408-BB58-CBF3F6E4146A}.Release|x64.Build.0 = Release|x64
		{0BED40AB-F66E-4408-BB58-CBF3F6E4146A}.Release|x64.Deploy.0 = Release|x64
		{0BED40AB-F66E-4408-BB58-CBF3F6E4146A}.Release|x86.ActiveCfg = Release|x86
		{0BED40AB-F66E-4408-BB58-CBF3F6E4146A}.Release|x86.Build.0 = Release|x86
		{0BED40AB-F66E-4408-BB58-CBF3F6E4146A}.Release|x86.Deploy.0 = Release|x86
	EndGlobalSection
	GlobalSection(SolutionProperties) = preSolution
		HideSolutionNode = FALSE
	EndGlobalSection
	GlobalSection(ExtensibilityGlobals) = postSolution
		SolutionGuid = {D12BAE2B-7765-4FED-80D8-75CA12E9EB13}
	EndGlobalSection
EndGlobal
